
Microsoft Visual Studio Solution File, Format Version 12.00
# Visual Studio Version 17
VisualStudioVersion = 17.11.35327.3
MinimumVisualStudioVersion = 10.0.40219.1
Project("{9A19103F-16F7-4668-BE54-9A1E7A4F7556}") = "WarsAndConflicts", "WarsAndConflicts\WarsAndConflicts.csproj", "{D184E142-CA4F-4654-B95D-CC11A80D6057}"
EndProject
Project("{9A19103F-16F7-4668-BE54-9A1E7A4F7556}") = "WarsAndConflicts.DataAccess", "WarsAndConflicts.DataAccess\WarsAndConflicts.DataAccess.csproj", "{9EF5BBAF-7666-45B9-8709-FDB23D375969}"
EndProject
Project("{9A19103F-16F7-4668-BE54-9A1E7A4F7556}") = "WarsAndConflicts.Application", "WarsAndConflicts.Application\WarsAndConflicts.Application.csproj", "{FE2BDBE6-253E-4153-BEBE-9E746CB545E1}"
EndProject
Global
	GlobalSection(SolutionConfigurationPlatforms) = preSolution
		Debug|Any CPU = Debug|Any CPU
		Release|Any CPU = Release|Any CPU
	EndGlobalSection
	GlobalSection(ProjectConfigurationPlatforms) = postSolution
		{D184E142-CA4F-4654-B95D-CC11A80D6057}.Debug|Any CPU.ActiveCfg = Debug|Any CPU
		{D184E142-CA4F-4654-B95D-CC11A80D6057}.Debug|Any CPU.Build.0 = Debug|Any CPU
		{D184E142-CA4F-4654-B95D-CC11A80D6057}.Release|Any CPU.ActiveCfg = Release|Any CPU
		{D184E142-CA4F-4654-B95D-CC11A80D6057}.Release|Any CPU.Build.0 = Release|Any CPU
		{9EF5BBAF-7666-45B9-8709-FDB23D375969}.Debug|Any CPU.ActiveCfg = Debug|Any CPU
		{9EF5BBAF-7666-45B9-8709-FDB23D375969}.Debug|Any CPU.Build.0 = Debug|Any CPU
		{9EF5BBAF-7666-45B9-8709-FDB23D375969}.Release|Any CPU.ActiveCfg = Release|Any CPU
		{9EF5BBAF-7666-45B9-8709-FDB23D375969}.Release|Any CPU.Build.0 = Release|Any CPU
		{FE2BDBE6-253E-4153-BEBE-9E746CB545E1}.Debug|Any CPU.ActiveCfg = Debug|Any CPU
		{FE2BDBE6-253E-4153-BEBE-9E746CB545E1}.Debug|Any CPU.Build.0 = Debug|Any CPU
		{FE2BDBE6-253E-4153-BEBE-9E746CB545E1}.Release|Any CPU.ActiveCfg = Release|Any CPU
		{FE2BDBE6-253E-4153-BEBE-9E746CB545E1}.Release|Any CPU.Build.0 = Release|Any CPU
	EndGlobalSection
	GlobalSection(SolutionProperties) = preSolution
		HideSolutionNode = FALSE
	EndGlobalSection
	GlobalSection(ExtensibilityGlobals) = postSolution
		SolutionGuid = {75F229CD-FB34-4B59-BE73-C9E4011E2797}
	EndGlobalSection
EndGlobal
